<Solution>
  <Configurations>
    <SolutionConfiguration Name="Debug|ARM64" />
    <SolutionConfiguration Name="Debug|x64" />
    <SolutionConfiguration Name="Debug|x86" />
    <SolutionConfiguration Name="Release|ARM64" />
    <SolutionConfiguration Name="Release|x64" />
    <SolutionConfiguration Name="Release|x86" />
    <Platform Name="ARM64" />
    <Platform Name="x64" />
    <Platform Name="x86" />
  </Configurations>
  <Folder Name="/Solution Items/">
    <File Path="ARCHITECTURE.md" />
    <File Path="README.md" />
    <File Path="documentation/StoreDescription.txt" />
  </Folder>
  <Project Path="100words/100words.csproj">
    <BuildType Solution="Debug|x64" Project="Release" />    <Platform Solution="*|ARM64" Project="ARM64" />
    <Platform Solution="*|x64" Project="x64" />
    <Platform Solution="*|x86" Project="x86" />    <Deploy Solution="*|ARM64" />
    <Deploy Solution="*|x64" />
    <Deploy Solution="*|x86" />  </Project>
</Solution>